// !$*UTF8*$!
{
	archiveVersion = 1;
	classes = {
	};
	objectVersion = 46;
	objects = {

/* Begin PBXBuildFile section */
		68A8A63F1841537F00806031 /* Images-2.xcassets in Resources */ = {isa = PBXBuildFile; fileRef = 68A8A63E1841537F00806031 /* Images-2.xcassets */; };
		849F767F18514DE400A8F295 /* icon-120.png in Resources */ = {isa = PBXBuildFile; fileRef = 849F767D18514DE400A8F295 /* icon-120.png */; };
		849F768018514DE400A8F295 /* icon.png in Resources */ = {isa = PBXBuildFile; fileRef = 849F767E18514DE400A8F295 /* icon.png */; };
		849F76841851926800A8F295 /* splash1.png in Resources */ = {isa = PBXBuildFile; fileRef = 849F76831851926800A8F295 /* splash1.png */; };
		849F76861851936D00A8F295 /* splash4-1.png in Resources */ = {isa = PBXBuildFile; fileRef = 849F76851851936D00A8F295 /* splash4-1.png */; };
		849F7688185193B000A8F295 /* splash3.png in Resources */ = {isa = PBXBuildFile; fileRef = 849F7687185193B000A8F295 /* splash3.png */; };
		849F768A1851AB7200A8F295 /* coupon_header.png in Resources */ = {isa = PBXBuildFile; fileRef = 849F76891851AB7200A8F295 /* coupon_header.png */; };
		849F76921853ACA100A8F295 /* AboutViewController.m in Sources */ = {isa = PBXBuildFile; fileRef = 849F76911853ACA100A8F295 /* AboutViewController.m */; };
		849F76B318567F1E00A8F295 /* pizza_kingdom.png in Resources */ = {isa = PBXBuildFile; fileRef = 849F76AD18567F1E00A8F295 /* pizza_kingdom.png */; };
		849F76B418567F1E00A8F295 /* dp_dough.png in Resources */ = {isa = PBXBuildFile; fileRef = 849F76AE18567F1E00A8F295 /* dp_dough.png */; };
		849F76B518567F1E00A8F295 /* ten_ren.png in Resources */ = {isa = PBXBuildFile; fileRef = 849F76AF18567F1E00A8F295 /* ten_ren.png */; };
		849F76B618567F1E00A8F295 /* stamp.png in Resources */ = {isa = PBXBuildFile; fileRef = 849F76B018567F1E00A8F295 /* stamp.png */; };
		849F76B718567F1E00A8F295 /* bentleys.png in Resources */ = {isa = PBXBuildFile; fileRef = 849F76B118567F1E00A8F295 /* bentleys.png */; };
		849F76B818567F1E00A8F295 /* auntie_annes.png in Resources */ = {isa = PBXBuildFile; fileRef = 849F76B218567F1E00A8F295 /* auntie_annes.png */; };
		849F76C11856800700A8F295 /* CouponViewController.m in Sources */ = {isa = PBXBuildFile; fileRef = 849F76BF1856800700A8F295 /* CouponViewController.m */; };
		849F76C21856800700A8F295 /* CouponViewController.xib in Resources */ = {isa = PBXBuildFile; fileRef = 849F76C01856800700A8F295 /* CouponViewController.xib */; };
		849F76C41856805500A8F295 /* DiningHoursViewController.m in Sources */ = {isa = PBXBuildFile; fileRef = 849F76C31856805500A8F295 /* DiningHoursViewController.m */; };
		B3481D4218256F1800002E0F /* Foundation.framework in Frameworks */ = {isa = PBXBuildFile; fileRef = B3481D4118256F1800002E0F /* Foundation.framework */; };
		B3481D4418256F1800002E0F /* CoreGraphics.framework in Frameworks */ = {isa = PBXBuildFile; fileRef = B3481D4318256F1800002E0F /* CoreGraphics.framework */; };
		B3481D4618256F1800002E0F /* UIKit.framework in Frameworks */ = {isa = PBXBuildFile; fileRef = B3481D4518256F1800002E0F /* UIKit.framework */; };
		B3481D4C18256F1800002E0F /* InfoPlist.strings in Resources */ = {isa = PBXBuildFile; fileRef = B3481D4A18256F1800002E0F /* InfoPlist.strings */; };
		B3481D4E18256F1900002E0F /* main.m in Sources */ = {isa = PBXBuildFile; fileRef = B3481D4D18256F1800002E0F /* main.m */; };
		B3481D5218256F1900002E0F /* FAPAppDelegate.m in Sources */ = {isa = PBXBuildFile; fileRef = B3481D5118256F1900002E0F /* FAPAppDelegate.m */; };
		B3481D5518256F1900002E0F /* Main_iPhone.storyboard in Resources */ = {isa = PBXBuildFile; fileRef = B3481D5318256F1900002E0F /* Main_iPhone.storyboard */; };
		B3481D5818256F1900002E0F /* Main_iPad.storyboard in Resources */ = {isa = PBXBuildFile; fileRef = B3481D5618256F1900002E0F /* Main_iPad.storyboard */; };
		B3481D5B18256F1900002E0F /* FAPViewController.m in Sources */ = {isa = PBXBuildFile; fileRef = B3481D5A18256F1900002E0F /* FAPViewController.m */; };
		B3481D6418256F1900002E0F /* XCTest.framework in Frameworks */ = {isa = PBXBuildFile; fileRef = B3481D6318256F1900002E0F /* XCTest.framework */; };
		B3481D6518256F1900002E0F /* Foundation.framework in Frameworks */ = {isa = PBXBuildFile; fileRef = B3481D4118256F1800002E0F /* Foundation.framework */; };
		B3481D6618256F1900002E0F /* UIKit.framework in Frameworks */ = {isa = PBXBuildFile; fileRef = B3481D4518256F1800002E0F /* UIKit.framework */; };
		B3481D6E18256F1900002E0F /* InfoPlist.strings in Resources */ = {isa = PBXBuildFile; fileRef = B3481D6C18256F1900002E0F /* InfoPlist.strings */; };
		B3481D7018256F1900002E0F /* FAPTests.m in Sources */ = {isa = PBXBuildFile; fileRef = B3481D6F18256F1900002E0F /* FAPTests.m */; };
		B3481D7B1825732A00002E0F /* MyScheduleViewController.m in Sources */ = {isa = PBXBuildFile; fileRef = B3481D7A1825732A00002E0F /* MyScheduleViewController.m */; };
		B3481D81182573AC00002E0F /* EventsViewController.m in Sources */ = {isa = PBXBuildFile; fileRef = B3481D80182573AC00002E0F /* EventsViewController.m */; };
		B3481D871825745000002E0F /* LibraryHoursViewController.m in Sources */ = {isa = PBXBuildFile; fileRef = B3481D861825745000002E0F /* LibraryHoursViewController.m */; };
		B3481D8A18257ED200002E0F /* GymHoursViewController.m in Sources */ = {isa = PBXBuildFile; fileRef = B3481D8918257ED200002E0F /* GymHoursViewController.m */; };
		B3481D8D18257EEE00002E0F /* BusScheduleViewController.m in Sources */ = {isa = PBXBuildFile; fileRef = B3481D8C18257EEE00002E0F /* BusScheduleViewController.m */; };
		B35E75661841419E006055BF /* SelectedLibraryViewController.m in Sources */ = {isa = PBXBuildFile; fileRef = B35E75641841419D006055BF /* SelectedLibraryViewController.m */; };
		B35E75671841419E006055BF /* SelectedLibraryViewController.xib in Resources */ = {isa = PBXBuildFile; fileRef = B35E75651841419D006055BF /* SelectedLibraryViewController.xib */; };
		B3953944184D57A0008385EE /* Blank Coupon iphone 4.jpeg in Resources */ = {isa = PBXBuildFile; fileRef = B3953943184D57A0008385EE /* Blank Coupon iphone 4.jpeg */; };
		B3CCAB4F18428F61004CB85D /* McKeldin.jpg in Resources */ = {isa = PBXBuildFile; fileRef = B3CCAB4E18428F61004CB85D /* McKeldin.jpg */; };
		B3CCAB511842910F004CB85D /* Art.jpg in Resources */ = {isa = PBXBuildFile; fileRef = B3CCAB501842910F004CB85D /* Art.jpg */; };
		B3CCAB5318429176004CB85D /* Architecture.jpg in Resources */ = {isa = PBXBuildFile; fileRef = B3CCAB5218429176004CB85D /* Architecture.jpg */; };
		B3CCAB55184294C4004CB85D /* CSPAC.jpg in Resources */ = {isa = PBXBuildFile; fileRef = B3CCAB54184294C4004CB85D /* CSPAC.jpg */; };
		B3CCAB57184294E2004CB85D /* Hornbake.jpg in Resources */ = {isa = PBXBuildFile; fileRef = B3CCAB56184294E2004CB85D /* Hornbake.jpg */; };
		B3CCAB59184294F9004CB85D /* Engineering.jpg in Resources */ = {isa = PBXBuildFile; fileRef = B3CCAB58184294F9004CB85D /* Engineering.jpg */; };
		B3CCAB5B18429515004CB85D /* Chemistry.jpg in Resources */ = {isa = PBXBuildFile; fileRef = B3CCAB5A18429515004CB85D /* Chemistry.jpg */; };
		B3F9DABA184170240056538D /* BusViewController.m in Sources */ = {isa = PBXBuildFile; fileRef = B3F9DAB8184170240056538D /* BusViewController.m */; };
		B3F9DABB184170240056538D /* BusViewController.xib in Resources */ = {isa = PBXBuildFile; fileRef = B3F9DAB9184170240056538D /* BusViewController.xib */; };
		BD04F6EF183D8CAF00646586 /* 1425465_10201800381084347_934668304_o.jpg in Resources */ = {isa = PBXBuildFile; fileRef = BD04F6E5183D8CAF00646586 /* 1425465_10201800381084347_934668304_o.jpg */; };
		BD04F6F0183D8CAF00646586 /* bus.png in Resources */ = {isa = PBXBuildFile; fileRef = BD04F6E6183D8CAF00646586 /* bus.png */; };
		BD04F6F1183D8CAF00646586 /* cal.png in Resources */ = {isa = PBXBuildFile; fileRef = BD04F6E7183D8CAF00646586 /* cal.png */; };
		BD04F6F2183D8CAF00646586 /* food.png in Resources */ = {isa = PBXBuildFile; fileRef = BD04F6E8183D8CAF00646586 /* food.png */; };
		BD04F6F3183D8CAF00646586 /* gym.png in Resources */ = {isa = PBXBuildFile; fileRef = BD04F6E9183D8CAF00646586 /* gym.png */; };
		BD04F6F7183D8CAF00646586 /* library.png in Resources */ = {isa = PBXBuildFile; fileRef = BD04F6ED183D8CAF00646586 /* library.png */; };
		BD04F6F8183D8CAF00646586 /* party.png in Resources */ = {isa = PBXBuildFile; fileRef = BD04F6EE183D8CAF00646586 /* party.png */; };
		BD04F70D1841351D00646586 /* splash3.png in Resources */ = {isa = PBXBuildFile; fileRef = BD04F70C1841351D00646586 /* splash3.png */; };
		BD04F7141841448B00646586 /* eppley.JPG in Resources */ = {isa = PBXBuildFile; fileRef = BD04F7111841448B00646586 /* eppley.JPG */; };
		BD04F7151841448B00646586 /* ritchie.jpg in Resources */ = {isa = PBXBuildFile; fileRef = BD04F7121841448B00646586 /* ritchie.jpg */; };
		BD04F7161841448B00646586 /* sph.JPG in Resources */ = {isa = PBXBuildFile; fileRef = BD04F7131841448B00646586 /* sph.JPG */; };
/* End PBXBuildFile section */

/* Begin PBXContainerItemProxy section */
		B3481D6718256F1900002E0F /* PBXContainerItemProxy */ = {
			isa = PBXContainerItemProxy;
			containerPortal = B3481D3618256F1800002E0F /* Project object */;
			proxyType = 1;
			remoteGlobalIDString = B3481D3D18256F1800002E0F;
			remoteInfo = FAP;
		};
/* End PBXContainerItemProxy section */

/* Begin PBXFileReference section */
		68A8A63E1841537F00806031 /* Images-2.xcassets */ = {isa = PBXFileReference; lastKnownFileType = folder.assetcatalog; path = "Images-2.xcassets"; sourceTree = "<group>"; };
		849F767D18514DE400A8F295 /* icon-120.png */ = {isa = PBXFileReference; lastKnownFileType = image.png; name = "icon-120.png"; path = "FAP/icons/icon-120.png"; sourceTree = SOURCE_ROOT; };
		849F767E18514DE400A8F295 /* icon.png */ = {isa = PBXFileReference; lastKnownFileType = image.png; name = icon.png; path = FAP/icons/icon.png; sourceTree = SOURCE_ROOT; };
		849F76831851926800A8F295 /* splash1.png */ = {isa = PBXFileReference; lastKnownFileType = image.png; name = splash1.png; path = FAP/icons/splash1.png; sourceTree = SOURCE_ROOT; };
		849F76851851936D00A8F295 /* splash4-1.png */ = {isa = PBXFileReference; lastKnownFileType = image.png; name = "splash4-1.png"; path = "FAP/icons/splash4-1.png"; sourceTree = SOURCE_ROOT; };
		849F7687185193B000A8F295 /* splash3.png */ = {isa = PBXFileReference; lastKnownFileType = image.png; name = splash3.png; path = FAP/icons/splash3.png; sourceTree = SOURCE_ROOT; };
		849F76891851AB7200A8F295 /* coupon_header.png */ = {isa = PBXFileReference; lastKnownFileType = image.png; name = coupon_header.png; path = FAP/icons/coupon_header.png; sourceTree = SOURCE_ROOT; };
		849F76901853ACA100A8F295 /* AboutViewController.h */ = {isa = PBXFileReference; fileEncoding = 4; lastKnownFileType = sourcecode.c.h; path = AboutViewController.h; sourceTree = "<group>"; };
		849F76911853ACA100A8F295 /* AboutViewController.m */ = {isa = PBXFileReference; fileEncoding = 4; lastKnownFileType = sourcecode.c.objc; path = AboutViewController.m; sourceTree = "<group>"; };
		849F76AD18567F1E00A8F295 /* pizza_kingdom.png */ = {isa = PBXFileReference; lastKnownFileType = image.png; name = pizza_kingdom.png; path = FAP/icons/pizza_kingdom.png; sourceTree = SOURCE_ROOT; };
		849F76AE18567F1E00A8F295 /* dp_dough.png */ = {isa = PBXFileReference; lastKnownFileType = image.png; name = dp_dough.png; path = FAP/icons/dp_dough.png; sourceTree = SOURCE_ROOT; };
		849F76AF18567F1E00A8F295 /* ten_ren.png */ = {isa = PBXFileReference; lastKnownFileType = image.png; name = ten_ren.png; path = FAP/icons/ten_ren.png; sourceTree = SOURCE_ROOT; };
		849F76B018567F1E00A8F295 /* stamp.png */ = {isa = PBXFileReference; lastKnownFileType = image.png; name = stamp.png; path = FAP/icons/stamp.png; sourceTree = SOURCE_ROOT; };
		849F76B118567F1E00A8F295 /* bentleys.png */ = {isa = PBXFileReference; lastKnownFileType = image.png; name = bentleys.png; path = FAP/icons/bentleys.png; sourceTree = SOURCE_ROOT; };
		849F76B218567F1E00A8F295 /* auntie_annes.png */ = {isa = PBXFileReference; lastKnownFileType = image.png; name = auntie_annes.png; path = FAP/icons/auntie_annes.png; sourceTree = SOURCE_ROOT; };
		849F76BE1856800700A8F295 /* CouponViewController.h */ = {isa = PBXFileReference; fileEncoding = 4; lastKnownFileType = sourcecode.c.h; path = CouponViewController.h; sourceTree = "<group>"; };
		849F76BF1856800700A8F295 /* CouponViewController.m */ = {isa = PBXFileReference; fileEncoding = 4; lastKnownFileType = sourcecode.c.objc; path = CouponViewController.m; sourceTree = "<group>"; };
		849F76C01856800700A8F295 /* CouponViewController.xib */ = {isa = PBXFileReference; fileEncoding = 4; lastKnownFileType = file.xib; path = CouponViewController.xib; sourceTree = "<group>"; };
		849F76C31856805500A8F295 /* DiningHoursViewController.m */ = {isa = PBXFileReference; fileEncoding = 4; lastKnownFileType = sourcecode.c.objc; path = DiningHoursViewController.m; sourceTree = "<group>"; };
		B3481D3E18256F1800002E0F /* FAP.app */ = {isa = PBXFileReference; explicitFileType = wrapper.application; includeInIndex = 0; path = FAP.app; sourceTree = BUILT_PRODUCTS_DIR; };
		B3481D4118256F1800002E0F /* Foundation.framework */ = {isa = PBXFileReference; lastKnownFileType = wrapper.framework; name = Foundation.framework; path = System/Library/Frameworks/Foundation.framework; sourceTree = SDKROOT; };
		B3481D4318256F1800002E0F /* CoreGraphics.framework */ = {isa = PBXFileReference; lastKnownFileType = wrapper.framework; name = CoreGraphics.framework; path = System/Library/Frameworks/CoreGraphics.framework; sourceTree = SDKROOT; };
		B3481D4518256F1800002E0F /* UIKit.framework */ = {isa = PBXFileReference; lastKnownFileType = wrapper.framework; name = UIKit.framework; path = System/Library/Frameworks/UIKit.framework; sourceTree = SDKROOT; };
		B3481D4918256F1800002E0F /* FAP-Info.plist */ = {isa = PBXFileReference; lastKnownFileType = text.plist.xml; path = "FAP-Info.plist"; sourceTree = "<group>"; };
		B3481D4B18256F1800002E0F /* en */ = {isa = PBXFileReference; lastKnownFileType = text.plist.strings; name = en; path = en.lproj/InfoPlist.strings; sourceTree = "<group>"; };
		B3481D4D18256F1800002E0F /* main.m */ = {isa = PBXFileReference; lastKnownFileType = sourcecode.c.objc; path = main.m; sourceTree = "<group>"; };
		B3481D4F18256F1900002E0F /* FAP-Prefix.pch */ = {isa = PBXFileReference; lastKnownFileType = sourcecode.c.h; path = "FAP-Prefix.pch"; sourceTree = "<group>"; };
		B3481D5018256F1900002E0F /* FAPAppDelegate.h */ = {isa = PBXFileReference; lastKnownFileType = sourcecode.c.h; path = FAPAppDelegate.h; sourceTree = "<group>"; };
		B3481D5118256F1900002E0F /* FAPAppDelegate.m */ = {isa = PBXFileReference; lastKnownFileType = sourcecode.c.objc; path = FAPAppDelegate.m; sourceTree = "<group>"; };
		B3481D5418256F1900002E0F /* Base */ = {isa = PBXFileReference; lastKnownFileType = file.storyboard; name = Base; path = Base.lproj/Main_iPhone.storyboard; sourceTree = "<group>"; };
		B3481D5718256F1900002E0F /* Base */ = {isa = PBXFileReference; lastKnownFileType = file.storyboard; name = Base; path = Base.lproj/Main_iPad.storyboard; sourceTree = "<group>"; };
		B3481D5918256F1900002E0F /* FAPViewController.h */ = {isa = PBXFileReference; lastKnownFileType = sourcecode.c.h; path = FAPViewController.h; sourceTree = "<group>"; };
		B3481D5A18256F1900002E0F /* FAPViewController.m */ = {isa = PBXFileReference; lastKnownFileType = sourcecode.c.objc; path = FAPViewController.m; sourceTree = "<group>"; };
		B3481D6218256F1900002E0F /* FAPTests.xctest */ = {isa = PBXFileReference; explicitFileType = wrapper.cfbundle; includeInIndex = 0; path = FAPTests.xctest; sourceTree = BUILT_PRODUCTS_DIR; };
		B3481D6318256F1900002E0F /* XCTest.framework */ = {isa = PBXFileReference; lastKnownFileType = wrapper.framework; name = XCTest.framework; path = Library/Frameworks/XCTest.framework; sourceTree = DEVELOPER_DIR; };
		B3481D6B18256F1900002E0F /* FAPTests-Info.plist */ = {isa = PBXFileReference; lastKnownFileType = text.plist.xml; path = "FAPTests-Info.plist"; sourceTree = "<group>"; };
		B3481D6D18256F1900002E0F /* en */ = {isa = PBXFileReference; lastKnownFileType = text.plist.strings; name = en; path = en.lproj/InfoPlist.strings; sourceTree = "<group>"; };
		B3481D6F18256F1900002E0F /* FAPTests.m */ = {isa = PBXFileReference; lastKnownFileType = sourcecode.c.objc; path = FAPTests.m; sourceTree = "<group>"; };
		B3481D791825732A00002E0F /* MyScheduleViewController.h */ = {isa = PBXFileReference; fileEncoding = 4; lastKnownFileType = sourcecode.c.h; path = MyScheduleViewController.h; sourceTree = "<group>"; };
		B3481D7A1825732A00002E0F /* MyScheduleViewController.m */ = {isa = PBXFileReference; fileEncoding = 4; lastKnownFileType = sourcecode.c.objc; path = MyScheduleViewController.m; sourceTree = "<group>"; };
		B3481D7F182573AC00002E0F /* EventsViewController.h */ = {isa = PBXFileReference; fileEncoding = 4; lastKnownFileType = sourcecode.c.h; path = EventsViewController.h; sourceTree = "<group>"; };
		B3481D80182573AC00002E0F /* EventsViewController.m */ = {isa = PBXFileReference; fileEncoding = 4; lastKnownFileType = sourcecode.c.objc; path = EventsViewController.m; sourceTree = "<group>"; };
		B3481D821825741F00002E0F /* DiningHoursViewController.h */ = {isa = PBXFileReference; fileEncoding = 4; lastKnownFileType = sourcecode.c.h; path = DiningHoursViewController.h; sourceTree = "<group>"; };
		B3481D851825745000002E0F /* LibraryHoursViewController.h */ = {isa = PBXFileReference; fileEncoding = 4; lastKnownFileType = sourcecode.c.h; path = LibraryHoursViewController.h; sourceTree = "<group>"; };
		B3481D861825745000002E0F /* LibraryHoursViewController.m */ = {isa = PBXFileReference; fileEncoding = 4; lastKnownFileType = sourcecode.c.objc; path = LibraryHoursViewController.m; sourceTree = "<group>"; };
		B3481D8818257ED200002E0F /* GymHoursViewController.h */ = {isa = PBXFileReference; fileEncoding = 4; lastKnownFileType = sourcecode.c.h; path = GymHoursViewController.h; sourceTree = "<group>"; };
		B3481D8918257ED200002E0F /* GymHoursViewController.m */ = {isa = PBXFileReference; fileEncoding = 4; lastKnownFileType = sourcecode.c.objc; path = GymHoursViewController.m; sourceTree = "<group>"; };
		B3481D8B18257EEE00002E0F /* BusScheduleViewController.h */ = {isa = PBXFileReference; fileEncoding = 4; lastKnownFileType = sourcecode.c.h; path = BusScheduleViewController.h; sourceTree = "<group>"; };
		B3481D8C18257EEE00002E0F /* BusScheduleViewController.m */ = {isa = PBXFileReference; fileEncoding = 4; lastKnownFileType = sourcecode.c.objc; path = BusScheduleViewController.m; sourceTree = "<group>"; };
		B35E75631841419D006055BF /* SelectedLibraryViewController.h */ = {isa = PBXFileReference; fileEncoding = 4; lastKnownFileType = sourcecode.c.h; path = SelectedLibraryViewController.h; sourceTree = "<group>"; };
		B35E75641841419D006055BF /* SelectedLibraryViewController.m */ = {isa = PBXFileReference; fileEncoding = 4; lastKnownFileType = sourcecode.c.objc; path = SelectedLibraryViewController.m; sourceTree = "<group>"; };
		B35E75651841419D006055BF /* SelectedLibraryViewController.xib */ = {isa = PBXFileReference; fileEncoding = 4; lastKnownFileType = file.xib; path = SelectedLibraryViewController.xib; sourceTree = "<group>"; };
		B3953943184D57A0008385EE /* Blank Coupon iphone 4.jpeg */ = {isa = PBXFileReference; lastKnownFileType = image.jpeg; name = "Blank Coupon iphone 4.jpeg"; path = "FAP/icons/Blank Coupon iphone 4.jpeg"; sourceTree = SOURCE_ROOT; };
		B3CCAB4E18428F61004CB85D /* McKeldin.jpg */ = {isa = PBXFileReference; lastKnownFileType = image.jpeg; name = McKeldin.jpg; path = icons/McKeldin.jpg; sourceTree = "<group>"; };
		B3CCAB501842910F004CB85D /* Art.jpg */ = {isa = PBXFileReference; lastKnownFileType = image.jpeg; name = Art.jpg; path = icons/Art.jpg; sourceTree = "<group>"; };
		B3CCAB5218429176004CB85D /* Architecture.jpg */ = {isa = PBXFileReference; lastKnownFileType = image.jpeg; name = Architecture.jpg; path = icons/Architecture.jpg; sourceTree = "<group>"; };
		B3CCAB54184294C4004CB85D /* CSPAC.jpg */ = {isa = PBXFileReference; lastKnownFileType = image.jpeg; name = CSPAC.jpg; path = icons/CSPAC.jpg; sourceTree = "<group>"; };
		B3CCAB56184294E2004CB85D /* Hornbake.jpg */ = {isa = PBXFileReference; lastKnownFileType = image.jpeg; name = Hornbake.jpg; path = icons/Hornbake.jpg; sourceTree = "<group>"; };
		B3CCAB58184294F9004CB85D /* Engineering.jpg */ = {isa = PBXFileReference; lastKnownFileType = image.jpeg; name = Engineering.jpg; path = icons/Engineering.jpg; sourceTree = "<group>"; };
		B3CCAB5A18429515004CB85D /* Chemistry.jpg */ = {isa = PBXFileReference; lastKnownFileType = image.jpeg; name = Chemistry.jpg; path = icons/Chemistry.jpg; sourceTree = "<group>"; };
		B3F9DAB7184170240056538D /* BusViewController.h */ = {isa = PBXFileReference; fileEncoding = 4; lastKnownFileType = sourcecode.c.h; path = BusViewController.h; sourceTree = "<group>"; };
		B3F9DAB8184170240056538D /* BusViewController.m */ = {isa = PBXFileReference; fileEncoding = 4; lastKnownFileType = sourcecode.c.objc; path = BusViewController.m; sourceTree = "<group>"; };
		B3F9DAB9184170240056538D /* BusViewController.xib */ = {isa = PBXFileReference; fileEncoding = 4; lastKnownFileType = file.xib; path = BusViewController.xib; sourceTree = "<group>"; };
		BD04F6E5183D8CAF00646586 /* 1425465_10201800381084347_934668304_o.jpg */ = {isa = PBXFileReference; lastKnownFileType = image.jpeg; name = 1425465_10201800381084347_934668304_o.jpg; path = FAP/icons/1425465_10201800381084347_934668304_o.jpg; sourceTree = SOURCE_ROOT; };
		BD04F6E6183D8CAF00646586 /* bus.png */ = {isa = PBXFileReference; lastKnownFileType = image.png; name = bus.png; path = FAP/icons/bus.png; sourceTree = SOURCE_ROOT; };
		BD04F6E7183D8CAF00646586 /* cal.png */ = {isa = PBXFileReference; lastKnownFileType = image.png; name = cal.png; path = FAP/icons/cal.png; sourceTree = SOURCE_ROOT; };
		BD04F6E8183D8CAF00646586 /* food.png */ = {isa = PBXFileReference; lastKnownFileType = image.png; name = food.png; path = FAP/icons/food.png; sourceTree = SOURCE_ROOT; };
		BD04F6E9183D8CAF00646586 /* gym.png */ = {isa = PBXFileReference; lastKnownFileType = image.png; name = gym.png; path = FAP/icons/gym.png; sourceTree = SOURCE_ROOT; };
		BD04F6ED183D8CAF00646586 /* library.png */ = {isa = PBXFileReference; lastKnownFileType = image.png; name = library.png; path = FAP/icons/library.png; sourceTree = SOURCE_ROOT; };
		BD04F6EE183D8CAF00646586 /* party.png */ = {isa = PBXFileReference; lastKnownFileType = image.png; name = party.png; path = FAP/icons/party.png; sourceTree = SOURCE_ROOT; };
		BD04F7011841198200646586 /* FAP.xcodeproj */ = {isa = PBXFileReference; lastKnownFileType = "wrapper.pb-project"; path = FAP.xcodeproj; sourceTree = "<group>"; };
		BD04F70C1841351D00646586 /* splash3.png */ = {isa = PBXFileReference; lastKnownFileType = image.png; name = splash3.png; path = icons/splash3.png; sourceTree = "<group>"; };
		BD04F7111841448B00646586 /* eppley.JPG */ = {isa = PBXFileReference; lastKnownFileType = image.jpeg; path = eppley.JPG; sourceTree = "<group>"; };
		BD04F7121841448B00646586 /* ritchie.jpg */ = {isa = PBXFileReference; lastKnownFileType = image.jpeg; path = ritchie.jpg; sourceTree = "<group>"; };
		BD04F7131841448B00646586 /* sph.JPG */ = {isa = PBXFileReference; lastKnownFileType = image.jpeg; path = sph.JPG; sourceTree = "<group>"; };
/* End PBXFileReference section */

/* Begin PBXFrameworksBuildPhase section */
		B3481D3B18256F1800002E0F /* Frameworks */ = {
			isa = PBXFrameworksBuildPhase;
			buildActionMask = 2147483647;
			files = (
				B3481D4418256F1800002E0F /* CoreGraphics.framework in Frameworks */,
				B3481D4618256F1800002E0F /* UIKit.framework in Frameworks */,
				B3481D4218256F1800002E0F /* Foundation.framework in Frameworks */,
			);
			runOnlyForDeploymentPostprocessing = 0;
		};
		B3481D5F18256F1900002E0F /* Frameworks */ = {
			isa = PBXFrameworksBuildPhase;
			buildActionMask = 2147483647;
			files = (
				B3481D6418256F1900002E0F /* XCTest.framework in Frameworks */,
				B3481D6618256F1900002E0F /* UIKit.framework in Frameworks */,
				B3481D6518256F1900002E0F /* Foundation.framework in Frameworks */,
			);
			runOnlyForDeploymentPostprocessing = 0;
		};
/* End PBXFrameworksBuildPhase section */

/* Begin PBXGroup section */
		B3481D3518256F1800002E0F = {
			isa = PBXGroup;
			children = (
				BD04F7011841198200646586 /* FAP.xcodeproj */,
				B3481D4718256F1800002E0F /* FAP */,
				B3481D6918256F1900002E0F /* FAPTests */,
				B3481D4018256F1800002E0F /* Frameworks */,
				B3481D3F18256F1800002E0F /* Products */,
			);
			sourceTree = "<group>";
		};
		B3481D3F18256F1800002E0F /* Products */ = {
			isa = PBXGroup;
			children = (
				B3481D3E18256F1800002E0F /* FAP.app */,
				B3481D6218256F1900002E0F /* FAPTests.xctest */,
			);
			name = Products;
			sourceTree = "<group>";
		};
		B3481D4018256F1800002E0F /* Frameworks */ = {
			isa = PBXGroup;
			children = (
				B3481D4118256F1800002E0F /* Foundation.framework */,
				B3481D4318256F1800002E0F /* CoreGraphics.framework */,
				B3481D4518256F1800002E0F /* UIKit.framework */,
				B3481D6318256F1900002E0F /* XCTest.framework */,
			);
			name = Frameworks;
			sourceTree = "<group>";
		};
		B3481D4718256F1800002E0F /* FAP */ = {
			isa = PBXGroup;
			children = (
				BD04F70C1841351D00646586 /* splash3.png */,
				B3481D5018256F1900002E0F /* FAPAppDelegate.h */,
				B3481D5118256F1900002E0F /* FAPAppDelegate.m */,
				B3481D5318256F1900002E0F /* Main_iPhone.storyboard */,
				B3481D5618256F1900002E0F /* Main_iPad.storyboard */,
				B3481D5918256F1900002E0F /* FAPViewController.h */,
				B3481D5A18256F1900002E0F /* FAPViewController.m */,
				B3481D4818256F1800002E0F /* Supporting Files */,
				B3481D791825732A00002E0F /* MyScheduleViewController.h */,
				B3481D7A1825732A00002E0F /* MyScheduleViewController.m */,
				B3481D7F182573AC00002E0F /* EventsViewController.h */,
				B3481D80182573AC00002E0F /* EventsViewController.m */,
				B3481D821825741F00002E0F /* DiningHoursViewController.h */,
				849F76C31856805500A8F295 /* DiningHoursViewController.m */,
				B3481D851825745000002E0F /* LibraryHoursViewController.h */,
				B3481D861825745000002E0F /* LibraryHoursViewController.m */,
				B3481D8818257ED200002E0F /* GymHoursViewController.h */,
				B3481D8918257ED200002E0F /* GymHoursViewController.m */,
				B3481D8B18257EEE00002E0F /* BusScheduleViewController.h */,
				B3481D8C18257EEE00002E0F /* BusScheduleViewController.m */,
				B35E75631841419D006055BF /* SelectedLibraryViewController.h */,
				B35E75641841419D006055BF /* SelectedLibraryViewController.m */,
				B35E75651841419D006055BF /* SelectedLibraryViewController.xib */,
				68A8A63E1841537F00806031 /* Images-2.xcassets */,
				B3F9DAB7184170240056538D /* BusViewController.h */,
				B3F9DAB8184170240056538D /* BusViewController.m */,
				B3F9DAB9184170240056538D /* BusViewController.xib */,
				849F76901853ACA100A8F295 /* AboutViewController.h */,
				849F76911853ACA100A8F295 /* AboutViewController.m */,
				849F76BE1856800700A8F295 /* CouponViewController.h */,
				849F76BF1856800700A8F295 /* CouponViewController.m */,
				849F76C01856800700A8F295 /* CouponViewController.xib */,
			);
			path = FAP;
			sourceTree = "<group>";
		};
		B3481D4818256F1800002E0F /* Supporting Files */ = {
			isa = PBXGroup;
			children = (
				B3CCAB4D18428F43004CB85D /* libraries */,
				BD04F7101841448A00646586 /* recCenters */,
				BD04F6D0183D87AA00646586 /* icons */,
				B3481D4918256F1800002E0F /* FAP-Info.plist */,
				B3481D4A18256F1800002E0F /* InfoPlist.strings */,
				B3481D4D18256F1800002E0F /* main.m */,
				B3481D4F18256F1900002E0F /* FAP-Prefix.pch */,
			);
			name = "Supporting Files";
			sourceTree = "<group>";
		};
		B3481D6918256F1900002E0F /* FAPTests */ = {
			isa = PBXGroup;
			children = (
				B3481D6F18256F1900002E0F /* FAPTests.m */,
				B3481D6A18256F1900002E0F /* Supporting Files */,
			);
			path = FAPTests;
			sourceTree = "<group>";
		};
		B3481D6A18256F1900002E0F /* Supporting Files */ = {
			isa = PBXGroup;
			children = (
				B3481D6B18256F1900002E0F /* FAPTests-Info.plist */,
				B3481D6C18256F1900002E0F /* InfoPlist.strings */,
			);
			name = "Supporting Files";
			sourceTree = "<group>";
		};
		B3CCAB4D18428F43004CB85D /* libraries */ = {
			isa = PBXGroup;
			children = (
				B3CCAB4E18428F61004CB85D /* McKeldin.jpg */,
				B3CCAB501842910F004CB85D /* Art.jpg */,
				B3CCAB5218429176004CB85D /* Architecture.jpg */,
				B3CCAB54184294C4004CB85D /* CSPAC.jpg */,
				B3CCAB5A18429515004CB85D /* Chemistry.jpg */,
				B3CCAB58184294F9004CB85D /* Engineering.jpg */,
				B3CCAB56184294E2004CB85D /* Hornbake.jpg */,
			);
			name = libraries;
			sourceTree = "<group>";
		};
		BD04F6D0183D87AA00646586 /* icons */ = {
			isa = PBXGroup;
			children = (
				849F76AD18567F1E00A8F295 /* pizza_kingdom.png */,
				849F76AE18567F1E00A8F295 /* dp_dough.png */,
				849F76AF18567F1E00A8F295 /* ten_ren.png */,
				849F76B018567F1E00A8F295 /* stamp.png */,
				849F76B118567F1E00A8F295 /* bentleys.png */,
				849F76B218567F1E00A8F295 /* auntie_annes.png */,
				849F76891851AB7200A8F295 /* coupon_header.png */,
				849F7687185193B000A8F295 /* splash3.png */,
				849F76851851936D00A8F295 /* splash4-1.png */,
				849F76831851926800A8F295 /* splash1.png */,
				849F767D18514DE400A8F295 /* icon-120.png */,
				849F767E18514DE400A8F295 /* icon.png */,
				BD04F6E5183D8CAF00646586 /* 1425465_10201800381084347_934668304_o.jpg */,
				BD04F6E6183D8CAF00646586 /* bus.png */,
				BD04F6E7183D8CAF00646586 /* cal.png */,
				BD04F6E8183D8CAF00646586 /* food.png */,
				BD04F6E9183D8CAF00646586 /* gym.png */,
				BD04F6ED183D8CAF00646586 /* library.png */,
				BD04F6EE183D8CAF00646586 /* party.png */,
				B3953943184D57A0008385EE /* Blank Coupon iphone 4.jpeg */,
			);
			name = icons;
			path = ../../Documents/FinalsApp/icons;
			sourceTree = "<group>";
		};
		BD04F7021841198200646586 /* Products */ = {
			isa = PBXGroup;
			children = (
			);
			name = Products;
			sourceTree = "<group>";
		};
		BD04F7101841448A00646586 /* recCenters */ = {
			isa = PBXGroup;
			children = (
				BD04F7111841448B00646586 /* eppley.JPG */,
				BD04F7121841448B00646586 /* ritchie.jpg */,
				BD04F7131841448B00646586 /* sph.JPG */,
			);
			path = recCenters;
			sourceTree = "<group>";
		};
/* End PBXGroup section */

/* Begin PBXNativeTarget section */
		B3481D3D18256F1800002E0F /* FAP */ = {
			isa = PBXNativeTarget;
			buildConfigurationList = B3481D7318256F1900002E0F /* Build configuration list for PBXNativeTarget "FAP" */;
			buildPhases = (
				B3481D3A18256F1800002E0F /* Sources */,
				B3481D3B18256F1800002E0F /* Frameworks */,
				B3481D3C18256F1800002E0F /* Resources */,
			);
			buildRules = (
			);
			dependencies = (
			);
			name = FAP;
			productName = FAP;
			productReference = B3481D3E18256F1800002E0F /* FAP.app */;
			productType = "com.apple.product-type.application";
		};
		B3481D6118256F1900002E0F /* FAPTests */ = {
			isa = PBXNativeTarget;
			buildConfigurationList = B3481D7618256F1900002E0F /* Build configuration list for PBXNativeTarget "FAPTests" */;
			buildPhases = (
				B3481D5E18256F1900002E0F /* Sources */,
				B3481D5F18256F1900002E0F /* Frameworks */,
				B3481D6018256F1900002E0F /* Resources */,
			);
			buildRules = (
			);
			dependencies = (
				B3481D6818256F1900002E0F /* PBXTargetDependency */,
			);
			name = FAPTests;
			productName = FAPTests;
			productReference = B3481D6218256F1900002E0F /* FAPTests.xctest */;
			productType = "com.apple.product-type.bundle.unit-test";
		};
/* End PBXNativeTarget section */

/* Begin PBXProject section */
		B3481D3618256F1800002E0F /* Project object */ = {
			isa = PBXProject;
			attributes = {
				CLASSPREFIX = FAP;
				LastUpgradeCheck = 0500;
				ORGANIZATIONNAME = "Mobile App Developers Club";
				TargetAttributes = {
					B3481D3D18256F1800002E0F = {
						DevelopmentTeam = DU27KW2996;
					};
					B3481D6118256F1900002E0F = {
						TestTargetID = B3481D3D18256F1800002E0F;
					};
				};
			};
			buildConfigurationList = B3481D3918256F1800002E0F /* Build configuration list for PBXProject "FAP" */;
			compatibilityVersion = "Xcode 3.2";
			developmentRegion = English;
			hasScannedForEncodings = 0;
			knownRegions = (
				en,
				Base,
			);
			mainGroup = B3481D3518256F1800002E0F;
			productRefGroup = B3481D3F18256F1800002E0F /* Products */;
			projectDirPath = "";
			projectReferences = (
				{
					ProductGroup = BD04F7021841198200646586 /* Products */;
					ProjectRef = BD04F7011841198200646586 /* FAP.xcodeproj */;
				},
			);
			projectRoot = "";
			targets = (
				B3481D3D18256F1800002E0F /* FAP */,
				B3481D6118256F1900002E0F /* FAPTests */,
			);
		};
/* End PBXProject section */

/* Begin PBXResourcesBuildPhase section */
		B3481D3C18256F1800002E0F /* Resources */ = {
			isa = PBXResourcesBuildPhase;
			buildActionMask = 2147483647;
			files = (
				849F76B818567F1E00A8F295 /* auntie_annes.png in Resources */,
				849F768A1851AB7200A8F295 /* coupon_header.png in Resources */,
				BD04F6F3183D8CAF00646586 /* gym.png in Resources */,
				B35E75671841419E006055BF /* SelectedLibraryViewController.xib in Resources */,
				BD04F6F0183D8CAF00646586 /* bus.png in Resources */,
				BD04F7141841448B00646586 /* eppley.JPG in Resources */,
				B3481D5818256F1900002E0F /* Main_iPad.storyboard in Resources */,
				BD04F6EF183D8CAF00646586 /* 1425465_10201800381084347_934668304_o.jpg in Resources */,
				849F76861851936D00A8F295 /* splash4-1.png in Resources */,
				B3953944184D57A0008385EE /* Blank Coupon iphone 4.jpeg in Resources */,
				BD04F6F1183D8CAF00646586 /* cal.png in Resources */,
				B3CCAB511842910F004CB85D /* Art.jpg in Resources */,
				BD04F6F2183D8CAF00646586 /* food.png in Resources */,
				849F7688185193B000A8F295 /* splash3.png in Resources */,
				849F76841851926800A8F295 /* splash1.png in Resources */,
				B3481D5518256F1900002E0F /* Main_iPhone.storyboard in Resources */,
				BD04F7151841448B00646586 /* ritchie.jpg in Resources */,
				B3CCAB55184294C4004CB85D /* CSPAC.jpg in Resources */,
				B3CCAB57184294E2004CB85D /* Hornbake.jpg in Resources */,
				B3481D4C18256F1800002E0F /* InfoPlist.strings in Resources */,
				BD04F70D1841351D00646586 /* splash3.png in Resources */,
				849F76B618567F1E00A8F295 /* stamp.png in Resources */,
				B3CCAB59184294F9004CB85D /* Engineering.jpg in Resources */,
				B3CCAB4F18428F61004CB85D /* McKeldin.jpg in Resources */,
				849F767F18514DE400A8F295 /* icon-120.png in Resources */,
				B3CCAB5318429176004CB85D /* Architecture.jpg in Resources */,
				849F76C21856800700A8F295 /* CouponViewController.xib in Resources */,
				BD04F6F8183D8CAF00646586 /* party.png in Resources */,
				849F76B518567F1E00A8F295 /* ten_ren.png in Resources */,
				BD04F7161841448B00646586 /* sph.JPG in Resources */,
				849F76B318567F1E00A8F295 /* pizza_kingdom.png in Resources */,
				849F76B718567F1E00A8F295 /* bentleys.png in Resources */,
				849F76B418567F1E00A8F295 /* dp_dough.png in Resources */,
				BD04F6F7183D8CAF00646586 /* library.png in Resources */,
				849F768018514DE400A8F295 /* icon.png in Resources */,
				68A8A63F1841537F00806031 /* Images-2.xcassets in Resources */,
				B3CCAB5B18429515004CB85D /* Chemistry.jpg in Resources */,
				B3F9DABB184170240056538D /* BusViewController.xib in Resources */,
			);
			runOnlyForDeploymentPostprocessing = 0;
		};
		B3481D6018256F1900002E0F /* Resources */ = {
			isa = PBXResourcesBuildPhase;
			buildActionMask = 2147483647;
			files = (
				B3481D6E18256F1900002E0F /* InfoPlist.strings in Resources */,
			);
			runOnlyForDeploymentPostprocessing = 0;
		};
/* End PBXResourcesBuildPhase section */

/* Begin PBXSourcesBuildPhase section */
		B3481D3A18256F1800002E0F /* Sources */ = {
			isa = PBXSourcesBuildPhase;
			buildActionMask = 2147483647;
			files = (
				B3481D8A18257ED200002E0F /* GymHoursViewController.m in Sources */,
				B3481D5B18256F1900002E0F /* FAPViewController.m in Sources */,
				B3481D81182573AC00002E0F /* EventsViewController.m in Sources */,
				B3481D871825745000002E0F /* LibraryHoursViewController.m in Sources */,
				B3481D5218256F1900002E0F /* FAPAppDelegate.m in Sources */,
				B3481D8D18257EEE00002E0F /* BusScheduleViewController.m in Sources */,
				B3481D4E18256F1900002E0F /* main.m in Sources */,
				B3F9DABA184170240056538D /* BusViewController.m in Sources */,
				849F76C11856800700A8F295 /* CouponViewController.m in Sources */,
				B3481D7B1825732A00002E0F /* MyScheduleViewController.m in Sources */,
				849F76921853ACA100A8F295 /* AboutViewController.m in Sources */,
				B35E75661841419E006055BF /* SelectedLibraryViewController.m in Sources */,
				849F76C41856805500A8F295 /* DiningHoursViewController.m in Sources */,
			);
			runOnlyForDeploymentPostprocessing = 0;
		};
		B3481D5E18256F1900002E0F /* Sources */ = {
			isa = PBXSourcesBuildPhase;
			buildActionMask = 2147483647;
			files = (
				B3481D7018256F1900002E0F /* FAPTests.m in Sources */,
			);
			runOnlyForDeploymentPostprocessing = 0;
		};
/* End PBXSourcesBuildPhase section */

/* Begin PBXTargetDependency section */
		B3481D6818256F1900002E0F /* PBXTargetDependency */ = {
			isa = PBXTargetDependency;
			target = B3481D3D18256F1800002E0F /* FAP */;
			targetProxy = B3481D6718256F1900002E0F /* PBXContainerItemProxy */;
		};
/* End PBXTargetDependency section */

/* Begin PBXVariantGroup section */
		B3481D4A18256F1800002E0F /* InfoPlist.strings */ = {
			isa = PBXVariantGroup;
			children = (
				B3481D4B18256F1800002E0F /* en */,
			);
			name = InfoPlist.strings;
			sourceTree = "<group>";
		};
		B3481D5318256F1900002E0F /* Main_iPhone.storyboard */ = {
			isa = PBXVariantGroup;
			children = (
				B3481D5418256F1900002E0F /* Base */,
			);
			name = Main_iPhone.storyboard;
			sourceTree = "<group>";
		};
		B3481D5618256F1900002E0F /* Main_iPad.storyboard */ = {
			isa = PBXVariantGroup;
			children = (
				B3481D5718256F1900002E0F /* Base */,
			);
			name = Main_iPad.storyboard;
			sourceTree = "<group>";
		};
		B3481D6C18256F1900002E0F /* InfoPlist.strings */ = {
			isa = PBXVariantGroup;
			children = (
				B3481D6D18256F1900002E0F /* en */,
			);
			name = InfoPlist.strings;
			sourceTree = "<group>";
		};
/* End PBXVariantGroup section */

/* Begin XCBuildConfiguration section */
		B3481D7118256F1900002E0F /* Debug */ = {
			isa = XCBuildConfiguration;
			buildSettings = {
				ALWAYS_SEARCH_USER_PATHS = NO;
				ARCHS = "$(ARCHS_STANDARD_INCLUDING_64_BIT)";
				CLANG_CXX_LANGUAGE_STANDARD = "gnu++0x";
				CLANG_CXX_LIBRARY = "libc++";
				CLANG_ENABLE_MODULES = YES;
				CLANG_ENABLE_OBJC_ARC = YES;
				CLANG_WARN_BOOL_CONVERSION = YES;
				CLANG_WARN_CONSTANT_CONVERSION = YES;
				CLANG_WARN_DIRECT_OBJC_ISA_USAGE = YES_ERROR;
				CLANG_WARN_EMPTY_BODY = YES;
				CLANG_WARN_ENUM_CONVERSION = YES;
				CLANG_WARN_INT_CONVERSION = YES;
				CLANG_WARN_OBJC_ROOT_CLASS = YES_ERROR;
				CLANG_WARN__DUPLICATE_METHOD_MATCH = YES;
				"CODE_SIGN_IDENTITY[sdk=iphoneos*]" = "iPhone Developer";
				COPY_PHASE_STRIP = NO;
				GCC_C_LANGUAGE_STANDARD = gnu99;
				GCC_DYNAMIC_NO_PIC = NO;
				GCC_OPTIMIZATION_LEVEL = 0;
				GCC_PREPROCESSOR_DEFINITIONS = (
					"DEBUG=1",
					"$(inherited)",
				);
				GCC_SYMBOLS_PRIVATE_EXTERN = NO;
				GCC_WARN_64_TO_32_BIT_CONVERSION = YES;
				GCC_WARN_ABOUT_RETURN_TYPE = YES_ERROR;
				GCC_WARN_UNDECLARED_SELECTOR = YES;
				GCC_WARN_UNINITIALIZED_AUTOS = YES;
				GCC_WARN_UNUSED_FUNCTION = YES;
				GCC_WARN_UNUSED_VARIABLE = YES;
				IPHONEOS_DEPLOYMENT_TARGET = 7.0;
				ONLY_ACTIVE_ARCH = YES;
				SDKROOT = iphoneos;
				TARGETED_DEVICE_FAMILY = "1,2";
			};
			name = Debug;
		};
		B3481D7218256F1900002E0F /* Release */ = {
			isa = XCBuildConfiguration;
			buildSettings = {
				ALWAYS_SEARCH_USER_PATHS = NO;
				ARCHS = "$(ARCHS_STANDARD_INCLUDING_64_BIT)";
				CLANG_CXX_LANGUAGE_STANDARD = "gnu++0x";
				CLANG_CXX_LIBRARY = "libc++";
				CLANG_ENABLE_MODULES = YES;
				CLANG_ENABLE_OBJC_ARC = YES;
				CLANG_WARN_BOOL_CONVERSION = YES;
				CLANG_WARN_CONSTANT_CONVERSION = YES;
				CLANG_WARN_DIRECT_OBJC_ISA_USAGE = YES_ERROR;
				CLANG_WARN_EMPTY_BODY = YES;
				CLANG_WARN_ENUM_CONVERSION = YES;
				CLANG_WARN_INT_CONVERSION = YES;
				CLANG_WARN_OBJC_ROOT_CLASS = YES_ERROR;
				CLANG_WARN__DUPLICATE_METHOD_MATCH = YES;
				"CODE_SIGN_IDENTITY[sdk=iphoneos*]" = "iPhone Developer";
				COPY_PHASE_STRIP = YES;
				ENABLE_NS_ASSERTIONS = NO;
				GCC_C_LANGUAGE_STANDARD = gnu99;
				GCC_WARN_64_TO_32_BIT_CONVERSION = YES;
				GCC_WARN_ABOUT_RETURN_TYPE = YES_ERROR;
				GCC_WARN_UNDECLARED_SELECTOR = YES;
				GCC_WARN_UNINITIALIZED_AUTOS = YES;
				GCC_WARN_UNUSED_FUNCTION = YES;
				GCC_WARN_UNUSED_VARIABLE = YES;
				IPHONEOS_DEPLOYMENT_TARGET = 7.0;
				SDKROOT = iphoneos;
				TARGETED_DEVICE_FAMILY = "1,2";
				VALIDATE_PRODUCT = YES;
			};
			name = Release;
		};
		B3481D7418256F1900002E0F /* Debug */ = {
			isa = XCBuildConfiguration;
			buildSettings = {
				ASSETCATALOG_COMPILER_APPICON_NAME = AppIcon;
				ASSETCATALOG_COMPILER_LAUNCHIMAGE_NAME = LaunchImage;
				CLANG_ENABLE_OBJC_ARC = NO;
				CODE_SIGN_IDENTITY = "iPhone Developer";
				"CODE_SIGN_IDENTITY[sdk=iphoneos*]" = "iPhone Developer: Valerie LaHoud (APXVHEC3K9)";
				GCC_PRECOMPILE_PREFIX_HEADER = YES;
				GCC_PREFIX_HEADER = "FAP/FAP-Prefix.pch";
				INFOPLIST_FILE = "FAP/FAP-Info.plist";
				IPHONEOS_DEPLOYMENT_TARGET = 7.0;
				PRODUCT_NAME = "$(TARGET_NAME)";
				PROVISIONING_PROFILE = "B8956C73-0AD6-4CD5-9646-7B792B1EF560";
				TARGETED_DEVICE_FAMILY = 1;
				USER_HEADER_SEARCH_PATHS = "/Users/davidlobosco/CollapsableTableViewTestProject/**";
				WRAPPER_EXTENSION = app;
			};
			name = Debug;
		};
		B3481D7518256F1900002E0F /* Release */ = {
			isa = XCBuildConfiguration;
			buildSettings = {
				ASSETCATALOG_COMPILER_APPICON_NAME = AppIcon;
				ASSETCATALOG_COMPILER_LAUNCHIMAGE_NAME = LaunchImage;
				CLANG_ENABLE_OBJC_ARC = NO;
				CODE_SIGN_IDENTITY = "iPhone Distribution: Valerie LaHoud (DU27KW2996)";
				"CODE_SIGN_IDENTITY[sdk=iphoneos*]" = "iPhone Distribution: Valerie LaHoud (DU27KW2996)";
				GCC_PRECOMPILE_PREFIX_HEADER = YES;
				GCC_PREFIX_HEADER = "FAP/FAP-Prefix.pch";
				INFOPLIST_FILE = "FAP/FAP-Info.plist";
				IPHONEOS_DEPLOYMENT_TARGET = 7.0;
				PRODUCT_NAME = "$(TARGET_NAME)";
				PROVISIONING_PROFILE = "B8956C73-0AD6-4CD5-9646-7B792B1EF560";
				TARGETED_DEVICE_FAMILY = 1;
				USER_HEADER_SEARCH_PATHS = "/Users/davidlobosco/CollapsableTableViewTestProject/**";
				WRAPPER_EXTENSION = app;
			};
			name = Release;
		};
		B3481D7718256F1900002E0F /* Debug */ = {
			isa = XCBuildConfiguration;
			buildSettings = {
				ARCHS = "$(ARCHS_STANDARD_INCLUDING_64_BIT)";
				BUNDLE_LOADER = "$(BUILT_PRODUCTS_DIR)/FAP.app/FAP";
				FRAMEWORK_SEARCH_PATHS = (
					"$(SDKROOT)/Developer/Library/Frameworks",
					"$(inherited)",
					"$(DEVELOPER_FRAMEWORKS_DIR)",
				);
				GCC_PRECOMPILE_PREFIX_HEADER = YES;
				GCC_PREFIX_HEADER = "FAP/FAP-Prefix.pch";
				GCC_PREPROCESSOR_DEFINITIONS = (
					"DEBUG=1",
					"$(inherited)",
				);
				INFOPLIST_FILE = "FAPTests/FAPTests-Info.plist";
				PRODUCT_NAME = "$(TARGET_NAME)";
				TEST_HOST = "$(BUNDLE_LOADER)";
				WRAPPER_EXTENSION = xctest;
			};
			name = Debug;
		};
		B3481D7818256F1900002E0F /* Release */ = {
			isa = XCBuildConfiguration;
			buildSettings = {
				ARCHS = "$(ARCHS_STANDARD_INCLUDING_64_BIT)";
				BUNDLE_LOADER = "$(BUILT_PRODUCTS_DIR)/FAP.app/FAP";
				FRAMEWORK_SEARCH_PATHS = (
					"$(SDKROOT)/Developer/Library/Frameworks",
					"$(inherited)",
					"$(DEVELOPER_FRAMEWORKS_DIR)",
				);
				GCC_PRECOMPILE_PREFIX_HEADER = YES;
				GCC_PREFIX_HEADER = "FAP/FAP-Prefix.pch";
				INFOPLIST_FILE = "FAPTests/FAPTests-Info.plist";
				PRODUCT_NAME = "$(TARGET_NAME)";
				TEST_HOST = "$(BUNDLE_LOADER)";
				WRAPPER_EXTENSION = xctest;
			};
			name = Release;
		};
/* End XCBuildConfiguration section */

/* Begin XCConfigurationList section */
		B3481D3918256F1800002E0F /* Build configuration list for PBXProject "FAP" */ = {
			isa = XCConfigurationList;
			buildConfigurations = (
				B3481D7118256F1900002E0F /* Debug */,
				B3481D7218256F1900002E0F /* Release */,
			);
			defaultConfigurationIsVisible = 0;
			defaultConfigurationName = Release;
		};
		B3481D7318256F1900002E0F /* Build configuration list for PBXNativeTarget "FAP" */ = {
			isa = XCConfigurationList;
			buildConfigurations = (
				B3481D7418256F1900002E0F /* Debug */,
				B3481D7518256F1900002E0F /* Release */,
			);
			defaultConfigurationIsVisible = 0;
			defaultConfigurationName = Release;
		};
		B3481D7618256F1900002E0F /* Build configuration list for PBXNativeTarget "FAPTests" */ = {
			isa = XCConfigurationList;
			buildConfigurations = (
				B3481D7718256F1900002E0F /* Debug */,
				B3481D7818256F1900002E0F /* Release */,
			);
			defaultConfigurationIsVisible = 0;
			defaultConfigurationName = Release;
		};
/* End XCConfigurationList section */
	};
	rootObject = B3481D3618256F1800002E0F /* Project object */;
}
