// !$*UTF8*$!
{
	archiveVersion = 1;
	classes = {
	};
	objectVersion = 46;
	objects = {

/* Begin PBXBuildFile section */
		B3481D4218256F1800002E0F /* Foundation.framework in Frameworks */ = {isa = PBXBuildFile; fileRef = B3481D4118256F1800002E0F /* Foundation.framework */; };
		B3481D4418256F1800002E0F /* CoreGraphics.framework in Frameworks */ = {isa = PBXBuildFile; fileRef = B3481D4318256F1800002E0F /* CoreGraphics.framework */; };
		B3481D4618256F1800002E0F /* UIKit.framework in Frameworks */ = {isa = PBXBuildFile; fileRef = B3481D4518256F1800002E0F /* UIKit.framework */; };
		B3481D4C18256F1800002E0F /* InfoPlist.strings in Resources */ = {isa = PBXBuildFile; fileRef = B3481D4A18256F1800002E0F /* InfoPlist.strings */; };
		B3481D4E18256F1900002E0F /* main.m in Sources */ = {isa = PBXBuildFile; fileRef = B3481D4D18256F1800002E0F /* main.m */; };
		B3481D5218256F1900002E0F /* FAPAppDelegate.m in Sources */ = {isa = PBXBuildFile; fileRef = B3481D5118256F1900002E0F /* FAPAppDelegate.m */; };
		B3481D5518256F1900002E0F /* Main_iPhone.storyboard in Resources */ = {isa = PBXBuildFile; fileRef = B3481D5318256F1900002E0F /* Main_iPhone.storyboard */; };
		B3481D5818256F1900002E0F /* Main_iPad.storyboard in Resources */ = {isa = PBXBuildFile; fileRef = B3481D5618256F1900002E0F /* Main_iPad.storyboard */; };
		B3481D5B18256F1900002E0F /* FAPViewController.m in Sources */ = {isa = PBXBuildFile; fileRef = B3481D5A18256F1900002E0F /* FAPViewController.m */; };
		B3481D5D18256F1900002E0F /* Images.xcassets in Resources */ = {isa = PBXBuildFile; fileRef = B3481D5C18256F1900002E0F /* Images.xcassets */; };
		B3481D6418256F1900002E0F /* XCTest.framework in Frameworks */ = {isa = PBXBuildFile; fileRef = B3481D6318256F1900002E0F /* XCTest.framework */; };
		B3481D6518256F1900002E0F /* Foundation.framework in Frameworks */ = {isa = PBXBuildFile; fileRef = B3481D4118256F1800002E0F /* Foundation.framework */; };
		B3481D6618256F1900002E0F /* UIKit.framework in Frameworks */ = {isa = PBXBuildFile; fileRef = B3481D4518256F1800002E0F /* UIKit.framework */; };
		B3481D6E18256F1900002E0F /* InfoPlist.strings in Resources */ = {isa = PBXBuildFile; fileRef = B3481D6C18256F1900002E0F /* InfoPlist.strings */; };
		B3481D7018256F1900002E0F /* FAPTests.m in Sources */ = {isa = PBXBuildFile; fileRef = B3481D6F18256F1900002E0F /* FAPTests.m */; };
		B3481D7B1825732A00002E0F /* MyScheduleViewController.m in Sources */ = {isa = PBXBuildFile; fileRef = B3481D7A1825732A00002E0F /* MyScheduleViewController.m */; };
		B3481D81182573AC00002E0F /* EventsViewController.m in Sources */ = {isa = PBXBuildFile; fileRef = B3481D80182573AC00002E0F /* EventsViewController.m */; };
		B3481D841825741F00002E0F /* DiningHoursViewController.m in Sources */ = {isa = PBXBuildFile; fileRef = B3481D831825741F00002E0F /* DiningHoursViewController.m */; };
		B3481D871825745000002E0F /* LibraryHoursViewController.m in Sources */ = {isa = PBXBuildFile; fileRef = B3481D861825745000002E0F /* LibraryHoursViewController.m */; };
		B3481D8A18257ED200002E0F /* GymHoursViewController.m in Sources */ = {isa = PBXBuildFile; fileRef = B3481D8918257ED200002E0F /* GymHoursViewController.m */; };
		B3481D8D18257EEE00002E0F /* BusScheduleViewController.m in Sources */ = {isa = PBXBuildFile; fileRef = B3481D8C18257EEE00002E0F /* BusScheduleViewController.m */; };
		BD04F6EF183D8CAF00646586 /* 1425465_10201800381084347_934668304_o.jpg in Resources */ = {isa = PBXBuildFile; fileRef = BD04F6E5183D8CAF00646586 /* 1425465_10201800381084347_934668304_o.jpg */; };
		BD04F6F0183D8CAF00646586 /* bus.png in Resources */ = {isa = PBXBuildFile; fileRef = BD04F6E6183D8CAF00646586 /* bus.png */; };
		BD04F6F1183D8CAF00646586 /* cal.png in Resources */ = {isa = PBXBuildFile; fileRef = BD04F6E7183D8CAF00646586 /* cal.png */; };
		BD04F6F2183D8CAF00646586 /* food.png in Resources */ = {isa = PBXBuildFile; fileRef = BD04F6E8183D8CAF00646586 /* food.png */; };
		BD04F6F3183D8CAF00646586 /* gym.png in Resources */ = {isa = PBXBuildFile; fileRef = BD04F6E9183D8CAF00646586 /* gym.png */; };
		BD04F6F4183D8CAF00646586 /* icon.png in Resources */ = {isa = PBXBuildFile; fileRef = BD04F6EA183D8CAF00646586 /* icon.png */; };
		BD04F6F5183D8CAF00646586 /* iconBig.png in Resources */ = {isa = PBXBuildFile; fileRef = BD04F6EB183D8CAF00646586 /* iconBig.png */; };
		BD04F6F6183D8CAF00646586 /* iconSmall.png in Resources */ = {isa = PBXBuildFile; fileRef = BD04F6EC183D8CAF00646586 /* iconSmall.png */; };
		BD04F6F7183D8CAF00646586 /* library.png in Resources */ = {isa = PBXBuildFile; fileRef = BD04F6ED183D8CAF00646586 /* library.png */; };
		BD04F6F8183D8CAF00646586 /* party.png in Resources */ = {isa = PBXBuildFile; fileRef = BD04F6EE183D8CAF00646586 /* party.png */; };
		BD04F70518411A0300646586 /* CollapsableTableViewViewController.m in Sources */ = {isa = PBXBuildFile; fileRef = BD04F70418411A0300646586 /* CollapsableTableViewViewController.m */; };
		BD04F70B1841324100646586 /* splash.png in Resources */ = {isa = PBXBuildFile; fileRef = BD04F70A1841324100646586 /* splash.png */; };
		BD04F70D1841351D00646586 /* splash3.png in Resources */ = {isa = PBXBuildFile; fileRef = BD04F70C1841351D00646586 /* splash3.png */; };
		BD04F70F1841372600646586 /* splash4.png in Resources */ = {isa = PBXBuildFile; fileRef = BD04F70E1841372600646586 /* splash4.png */; };
/* End PBXBuildFile section */

/* Begin PBXContainerItemProxy section */
		B3481D6718256F1900002E0F /* PBXContainerItemProxy */ = {
			isa = PBXContainerItemProxy;
			containerPortal = B3481D3618256F1800002E0F /* Project object */;
			proxyType = 1;
			remoteGlobalIDString = B3481D3D18256F1800002E0F;
			remoteInfo = FAP;
		};
		BD04F6FD18410B2700646586 /* PBXContainerItemProxy */ = {
			isa = PBXContainerItemProxy;
			containerPortal = BD04F6F918410B2600646586 /* CollapsableTableView.xcodeproj */;
			proxyType = 2;
			remoteGlobalIDString = 1D6058910D05DD3D006BFB54;
			remoteInfo = CollapsableTableView;
		};
		BD04F6FF18410B4700646586 /* PBXContainerItemProxy */ = {
			isa = PBXContainerItemProxy;
			containerPortal = BD04F6F918410B2600646586 /* CollapsableTableView.xcodeproj */;
			proxyType = 1;
			remoteGlobalIDString = 1D6058900D05DD3D006BFB54;
			remoteInfo = CollapsableTableView;
		};
/* End PBXContainerItemProxy section */

/* Begin PBXFileReference section */
		B3481D3E18256F1800002E0F /* FAP.app */ = {isa = PBXFileReference; explicitFileType = wrapper.application; includeInIndex = 0; path = FAP.app; sourceTree = BUILT_PRODUCTS_DIR; };
		B3481D4118256F1800002E0F /* Foundation.framework */ = {isa = PBXFileReference; lastKnownFileType = wrapper.framework; name = Foundation.framework; path = System/Library/Frameworks/Foundation.framework; sourceTree = SDKROOT; };
		B3481D4318256F1800002E0F /* CoreGraphics.framework */ = {isa = PBXFileReference; lastKnownFileType = wrapper.framework; name = CoreGraphics.framework; path = System/Library/Frameworks/CoreGraphics.framework; sourceTree = SDKROOT; };
		B3481D4518256F1800002E0F /* UIKit.framework */ = {isa = PBXFileReference; lastKnownFileType = wrapper.framework; name = UIKit.framework; path = System/Library/Frameworks/UIKit.framework; sourceTree = SDKROOT; };
		B3481D4918256F1800002E0F /* FAP-Info.plist */ = {isa = PBXFileReference; lastKnownFileType = text.plist.xml; path = "FAP-Info.plist"; sourceTree = "<group>"; };
		B3481D4B18256F1800002E0F /* en */ = {isa = PBXFileReference; lastKnownFileType = text.plist.strings; name = en; path = en.lproj/InfoPlist.strings; sourceTree = "<group>"; };
		B3481D4D18256F1800002E0F /* main.m */ = {isa = PBXFileReference; lastKnownFileType = sourcecode.c.objc; path = main.m; sourceTree = "<group>"; };
		B3481D4F18256F1900002E0F /* FAP-Prefix.pch */ = {isa = PBXFileReference; lastKnownFileType = sourcecode.c.h; path = "FAP-Prefix.pch"; sourceTree = "<group>"; };
		B3481D5018256F1900002E0F /* FAPAppDelegate.h */ = {isa = PBXFileReference; lastKnownFileType = sourcecode.c.h; path = FAPAppDelegate.h; sourceTree = "<group>"; };
		B3481D5118256F1900002E0F /* FAPAppDelegate.m */ = {isa = PBXFileReference; lastKnownFileType = sourcecode.c.objc; path = FAPAppDelegate.m; sourceTree = "<group>"; };
		B3481D5418256F1900002E0F /* Base */ = {isa = PBXFileReference; lastKnownFileType = file.storyboard; name = Base; path = Base.lproj/Main_iPhone.storyboard; sourceTree = "<group>"; };
		B3481D5718256F1900002E0F /* Base */ = {isa = PBXFileReference; lastKnownFileType = file.storyboard; name = Base; path = Base.lproj/Main_iPad.storyboard; sourceTree = "<group>"; };
		B3481D5918256F1900002E0F /* FAPViewController.h */ = {isa = PBXFileReference; lastKnownFileType = sourcecode.c.h; path = FAPViewController.h; sourceTree = "<group>"; };
		B3481D5A18256F1900002E0F /* FAPViewController.m */ = {isa = PBXFileReference; lastKnownFileType = sourcecode.c.objc; path = FAPViewController.m; sourceTree = "<group>"; };
		B3481D5C18256F1900002E0F /* Images.xcassets */ = {isa = PBXFileReference; lastKnownFileType = folder.assetcatalog; name = Images.xcassets; path = /Users/davidlobosco/FAP3/FAP/Images.xcassets; sourceTree = "<absolute>"; };
		B3481D6218256F1900002E0F /* FAPTests.xctest */ = {isa = PBXFileReference; explicitFileType = wrapper.cfbundle; includeInIndex = 0; path = FAPTests.xctest; sourceTree = BUILT_PRODUCTS_DIR; };
		B3481D6318256F1900002E0F /* XCTest.framework */ = {isa = PBXFileReference; lastKnownFileType = wrapper.framework; name = XCTest.framework; path = Library/Frameworks/XCTest.framework; sourceTree = DEVELOPER_DIR; };
		B3481D6B18256F1900002E0F /* FAPTests-Info.plist */ = {isa = PBXFileReference; lastKnownFileType = text.plist.xml; path = "FAPTests-Info.plist"; sourceTree = "<group>"; };
		B3481D6D18256F1900002E0F /* en */ = {isa = PBXFileReference; lastKnownFileType = text.plist.strings; name = en; path = en.lproj/InfoPlist.strings; sourceTree = "<group>"; };
		B3481D6F18256F1900002E0F /* FAPTests.m */ = {isa = PBXFileReference; lastKnownFileType = sourcecode.c.objc; path = FAPTests.m; sourceTree = "<group>"; };
		B3481D791825732A00002E0F /* MyScheduleViewController.h */ = {isa = PBXFileReference; fileEncoding = 4; lastKnownFileType = sourcecode.c.h; path = MyScheduleViewController.h; sourceTree = "<group>"; };
		B3481D7A1825732A00002E0F /* MyScheduleViewController.m */ = {isa = PBXFileReference; fileEncoding = 4; lastKnownFileType = sourcecode.c.objc; path = MyScheduleViewController.m; sourceTree = "<group>"; };
		B3481D7F182573AC00002E0F /* EventsViewController.h */ = {isa = PBXFileReference; fileEncoding = 4; lastKnownFileType = sourcecode.c.h; path = EventsViewController.h; sourceTree = "<group>"; };
		B3481D80182573AC00002E0F /* EventsViewController.m */ = {isa = PBXFileReference; fileEncoding = 4; lastKnownFileType = sourcecode.c.objc; path = EventsViewController.m; sourceTree = "<group>"; };
		B3481D821825741F00002E0F /* DiningHoursViewController.h */ = {isa = PBXFileReference; fileEncoding = 4; lastKnownFileType = sourcecode.c.h; path = DiningHoursViewController.h; sourceTree = "<group>"; };
		B3481D831825741F00002E0F /* DiningHoursViewController.m */ = {isa = PBXFileReference; fileEncoding = 4; lastKnownFileType = sourcecode.c.objc; path = DiningHoursViewController.m; sourceTree = "<group>"; };
		B3481D851825745000002E0F /* LibraryHoursViewController.h */ = {isa = PBXFileReference; fileEncoding = 4; lastKnownFileType = sourcecode.c.h; path = LibraryHoursViewController.h; sourceTree = "<group>"; };
		B3481D861825745000002E0F /* LibraryHoursViewController.m */ = {isa = PBXFileReference; fileEncoding = 4; lastKnownFileType = sourcecode.c.objc; path = LibraryHoursViewController.m; sourceTree = "<group>"; };
		B3481D8818257ED200002E0F /* GymHoursViewController.h */ = {isa = PBXFileReference; fileEncoding = 4; lastKnownFileType = sourcecode.c.h; path = GymHoursViewController.h; sourceTree = "<group>"; };
		B3481D8918257ED200002E0F /* GymHoursViewController.m */ = {isa = PBXFileReference; fileEncoding = 4; lastKnownFileType = sourcecode.c.objc; path = GymHoursViewController.m; sourceTree = "<group>"; };
		B3481D8B18257EEE00002E0F /* BusScheduleViewController.h */ = {isa = PBXFileReference; fileEncoding = 4; lastKnownFileType = sourcecode.c.h; path = BusScheduleViewController.h; sourceTree = "<group>"; };
		B3481D8C18257EEE00002E0F /* BusScheduleViewController.m */ = {isa = PBXFileReference; fileEncoding = 4; lastKnownFileType = sourcecode.c.objc; path = BusScheduleViewController.m; sourceTree = "<group>"; };
		BD04F6E5183D8CAF00646586 /* 1425465_10201800381084347_934668304_o.jpg */ = {isa = PBXFileReference; lastKnownFileType = image.jpeg; name = 1425465_10201800381084347_934668304_o.jpg; path = FAP/icons/1425465_10201800381084347_934668304_o.jpg; sourceTree = SOURCE_ROOT; };
		BD04F6E6183D8CAF00646586 /* bus.png */ = {isa = PBXFileReference; lastKnownFileType = image.png; name = bus.png; path = FAP/icons/bus.png; sourceTree = SOURCE_ROOT; };
		BD04F6E7183D8CAF00646586 /* cal.png */ = {isa = PBXFileReference; lastKnownFileType = image.png; name = cal.png; path = FAP/icons/cal.png; sourceTree = SOURCE_ROOT; };
		BD04F6E8183D8CAF00646586 /* food.png */ = {isa = PBXFileReference; lastKnownFileType = image.png; name = food.png; path = FAP/icons/food.png; sourceTree = SOURCE_ROOT; };
		BD04F6E9183D8CAF00646586 /* gym.png */ = {isa = PBXFileReference; lastKnownFileType = image.png; name = gym.png; path = FAP/icons/gym.png; sourceTree = SOURCE_ROOT; };
		BD04F6EA183D8CAF00646586 /* icon.png */ = {isa = PBXFileReference; lastKnownFileType = image.png; name = icon.png; path = FAP/icons/icon.png; sourceTree = SOURCE_ROOT; };
		BD04F6EB183D8CAF00646586 /* iconBig.png */ = {isa = PBXFileReference; lastKnownFileType = image.png; name = iconBig.png; path = FAP/icons/iconBig.png; sourceTree = SOURCE_ROOT; };
		BD04F6EC183D8CAF00646586 /* iconSmall.png */ = {isa = PBXFileReference; lastKnownFileType = image.png; name = iconSmall.png; path = FAP/icons/iconSmall.png; sourceTree = SOURCE_ROOT; };
		BD04F6ED183D8CAF00646586 /* library.png */ = {isa = PBXFileReference; lastKnownFileType = image.png; name = library.png; path = FAP/icons/library.png; sourceTree = SOURCE_ROOT; };
		BD04F6EE183D8CAF00646586 /* party.png */ = {isa = PBXFileReference; lastKnownFileType = image.png; name = party.png; path = FAP/icons/party.png; sourceTree = SOURCE_ROOT; };
		BD04F6F918410B2600646586 /* CollapsableTableView.xcodeproj */ = {isa = PBXFileReference; lastKnownFileType = "wrapper.pb-project"; name = CollapsableTableView.xcodeproj; path = "../Downloads/CollapsableTableViewTestProject-2/CollapsableTableView.xcodeproj"; sourceTree = "<group>"; };
		BD04F7011841198200646586 /* FAP.xcodeproj */ = {isa = PBXFileReference; lastKnownFileType = "wrapper.pb-project"; path = FAP.xcodeproj; sourceTree = "<group>"; };
		BD04F70418411A0300646586 /* CollapsableTableViewViewController.m */ = {isa = PBXFileReference; lastKnownFileType = sourcecode.c.objc; path = CollapsableTableViewViewController.m; sourceTree = "<group>"; };
		BD04F70A1841324100646586 /* splash.png */ = {isa = PBXFileReference; lastKnownFileType = image.png; name = splash.png; path = FAP/icons/splash.png; sourceTree = SOURCE_ROOT; };
		BD04F70C1841351D00646586 /* splash3.png */ = {isa = PBXFileReference; lastKnownFileType = image.png; name = splash3.png; path = icons/splash3.png; sourceTree = "<group>"; };
		BD04F70E1841372600646586 /* splash4.png */ = {isa = PBXFileReference; lastKnownFileType = image.png; name = splash4.png; path = FAP/icons/splash4.png; sourceTree = SOURCE_ROOT; };
/* End PBXFileReference section */

/* Begin PBXFrameworksBuildPhase section */
		B3481D3B18256F1800002E0F /* Frameworks */ = {
			isa = PBXFrameworksBuildPhase;
			buildActionMask = 2147483647;
			files = (
				B3481D4418256F1800002E0F /* CoreGraphics.framework in Frameworks */,
				B3481D4618256F1800002E0F /* UIKit.framework in Frameworks */,
				B3481D4218256F1800002E0F /* Foundation.framework in Frameworks */,
			);
			runOnlyForDeploymentPostprocessing = 0;
		};
		B3481D5F18256F1900002E0F /* Frameworks */ = {
			isa = PBXFrameworksBuildPhase;
			buildActionMask = 2147483647;
			files = (
				B3481D6418256F1900002E0F /* XCTest.framework in Frameworks */,
				B3481D6618256F1900002E0F /* UIKit.framework in Frameworks */,
				B3481D6518256F1900002E0F /* Foundation.framework in Frameworks */,
			);
			runOnlyForDeploymentPostprocessing = 0;
		};
/* End PBXFrameworksBuildPhase section */

/* Begin PBXGroup section */
		B3481D3518256F1800002E0F = {
			isa = PBXGroup;
			children = (
				BD04F70418411A0300646586 /* CollapsableTableViewViewController.m */,
				BD04F7011841198200646586 /* FAP.xcodeproj */,
				BD04F6F918410B2600646586 /* CollapsableTableView.xcodeproj */,
				B3481D4718256F1800002E0F /* FAP */,
				B3481D6918256F1900002E0F /* FAPTests */,
				B3481D4018256F1800002E0F /* Frameworks */,
				B3481D3F18256F1800002E0F /* Products */,
			);
			sourceTree = "<group>";
		};
		B3481D3F18256F1800002E0F /* Products */ = {
			isa = PBXGroup;
			children = (
				B3481D3E18256F1800002E0F /* FAP.app */,
				B3481D6218256F1900002E0F /* FAPTests.xctest */,
			);
			name = Products;
			sourceTree = "<group>";
		};
		B3481D4018256F1800002E0F /* Frameworks */ = {
			isa = PBXGroup;
			children = (
				B3481D4118256F1800002E0F /* Foundation.framework */,
				B3481D4318256F1800002E0F /* CoreGraphics.framework */,
				B3481D4518256F1800002E0F /* UIKit.framework */,
				B3481D6318256F1900002E0F /* XCTest.framework */,
			);
			name = Frameworks;
			sourceTree = "<group>";
		};
		B3481D4718256F1800002E0F /* FAP */ = {
			isa = PBXGroup;
			children = (
				BD04F70C1841351D00646586 /* splash3.png */,
				B3481D5018256F1900002E0F /* FAPAppDelegate.h */,
				B3481D5118256F1900002E0F /* FAPAppDelegate.m */,
				B3481D5318256F1900002E0F /* Main_iPhone.storyboard */,
				B3481D5618256F1900002E0F /* Main_iPad.storyboard */,
				B3481D5918256F1900002E0F /* FAPViewController.h */,
				B3481D5A18256F1900002E0F /* FAPViewController.m */,
				B3481D5C18256F1900002E0F /* Images.xcassets */,
				B3481D4818256F1800002E0F /* Supporting Files */,
				B3481D791825732A00002E0F /* MyScheduleViewController.h */,
				B3481D7A1825732A00002E0F /* MyScheduleViewController.m */,
				B3481D7F182573AC00002E0F /* EventsViewController.h */,
				B3481D80182573AC00002E0F /* EventsViewController.m */,
				B3481D821825741F00002E0F /* DiningHoursViewController.h */,
				B3481D831825741F00002E0F /* DiningHoursViewController.m */,
				B3481D851825745000002E0F /* LibraryHoursViewController.h */,
				B3481D861825745000002E0F /* LibraryHoursViewController.m */,
				B3481D8818257ED200002E0F /* GymHoursViewController.h */,
				B3481D8918257ED200002E0F /* GymHoursViewController.m */,
				B3481D8B18257EEE00002E0F /* BusScheduleViewController.h */,
				B3481D8C18257EEE00002E0F /* BusScheduleViewController.m */,
			);
			path = FAP;
			sourceTree = "<group>";
		};
		B3481D4818256F1800002E0F /* Supporting Files */ = {
			isa = PBXGroup;
			children = (
				BD04F6D0183D87AA00646586 /* icons */,
				B3481D4918256F1800002E0F /* FAP-Info.plist */,
				B3481D4A18256F1800002E0F /* InfoPlist.strings */,
				B3481D4D18256F1800002E0F /* main.m */,
				B3481D4F18256F1900002E0F /* FAP-Prefix.pch */,
			);
			name = "Supporting Files";
			sourceTree = "<group>";
		};
		B3481D6918256F1900002E0F /* FAPTests */ = {
			isa = PBXGroup;
			children = (
				B3481D6F18256F1900002E0F /* FAPTests.m */,
				B3481D6A18256F1900002E0F /* Supporting Files */,
			);
			path = FAPTests;
			sourceTree = "<group>";
		};
		B3481D6A18256F1900002E0F /* Supporting Files */ = {
			isa = PBXGroup;
			children = (
				B3481D6B18256F1900002E0F /* FAPTests-Info.plist */,
				B3481D6C18256F1900002E0F /* InfoPlist.strings */,
			);
			name = "Supporting Files";
			sourceTree = "<group>";
		};
		BD04F6D0183D87AA00646586 /* icons */ = {
			isa = PBXGroup;
			children = (
				BD04F70E1841372600646586 /* splash4.png */,
				BD04F70A1841324100646586 /* splash.png */,
				BD04F6E5183D8CAF00646586 /* 1425465_10201800381084347_934668304_o.jpg */,
				BD04F6E6183D8CAF00646586 /* bus.png */,
				BD04F6E7183D8CAF00646586 /* cal.png */,
				BD04F6E8183D8CAF00646586 /* food.png */,
				BD04F6E9183D8CAF00646586 /* gym.png */,
				BD04F6EA183D8CAF00646586 /* icon.png */,
				BD04F6EB183D8CAF00646586 /* iconBig.png */,
				BD04F6EC183D8CAF00646586 /* iconSmall.png */,
				BD04F6ED183D8CAF00646586 /* library.png */,
				BD04F6EE183D8CAF00646586 /* party.png */,
			);
			name = icons;
			path = ../../Documents/FinalsApp/icons;
			sourceTree = "<group>";
		};
		BD04F6FA18410B2600646586 /* Products */ = {
			isa = PBXGroup;
			children = (
				BD04F6FE18410B2700646586 /* CollapsableTableView.app */,
			);
			name = Products;
			sourceTree = "<group>";
		};
		BD04F7021841198200646586 /* Products */ = {
			isa = PBXGroup;
			name = Products;
			sourceTree = "<group>";
		};
/* End PBXGroup section */

/* Begin PBXNativeTarget section */
		B3481D3D18256F1800002E0F /* FAP */ = {
			isa = PBXNativeTarget;
			buildConfigurationList = B3481D7318256F1900002E0F /* Build configuration list for PBXNativeTarget "FAP" */;
			buildPhases = (
				B3481D3A18256F1800002E0F /* Sources */,
				B3481D3B18256F1800002E0F /* Frameworks */,
				B3481D3C18256F1800002E0F /* Resources */,
			);
			buildRules = (
			);
			dependencies = (
				BD04F70018410B4700646586 /* PBXTargetDependency */,
			);
			name = FAP;
			productName = FAP;
			productReference = B3481D3E18256F1800002E0F /* FAP.app */;
			productType = "com.apple.product-type.application";
		};
		B3481D6118256F1900002E0F /* FAPTests */ = {
			isa = PBXNativeTarget;
			buildConfigurationList = B3481D7618256F1900002E0F /* Build configuration list for PBXNativeTarget "FAPTests" */;
			buildPhases = (
				B3481D5E18256F1900002E0F /* Sources */,
				B3481D5F18256F1900002E0F /* Frameworks */,
				B3481D6018256F1900002E0F /* Resources */,
			);
			buildRules = (
			);
			dependencies = (
				B3481D6818256F1900002E0F /* PBXTargetDependency */,
			);
			name = FAPTests;
			productName = FAPTests;
			productReference = B3481D6218256F1900002E0F /* FAPTests.xctest */;
			productType = "com.apple.product-type.bundle.unit-test";
		};
/* End PBXNativeTarget section */

/* Begin PBXProject section */
		B3481D3618256F1800002E0F /* Project object */ = {
			isa = PBXProject;
			attributes = {
				CLASSPREFIX = FAP;
				LastUpgradeCheck = 0500;
				ORGANIZATIONNAME = "Mobile App Developers Club";
				TargetAttributes = {
					B3481D6118256F1900002E0F = {
						TestTargetID = B3481D3D18256F1800002E0F;
					};
				};
			};
			buildConfigurationList = B3481D3918256F1800002E0F /* Build configuration list for PBXProject "FAP" */;
			compatibilityVersion = "Xcode 3.2";
			developmentRegion = English;
			hasScannedForEncodings = 0;
			knownRegions = (
				en,
				Base,
			);
			mainGroup = B3481D3518256F1800002E0F;
			productRefGroup = B3481D3F18256F1800002E0F /* Products */;
			projectDirPath = "";
			projectReferences = (
				{
					ProductGroup = BD04F6FA18410B2600646586 /* Products */;
					ProjectRef = BD04F6F918410B2600646586 /* CollapsableTableView.xcodeproj */;
				},
				{
					ProductGroup = BD04F7021841198200646586 /* Products */;
					ProjectRef = BD04F7011841198200646586 /* FAP.xcodeproj */;
				},
			);
			projectRoot = "";
			targets = (
				B3481D3D18256F1800002E0F /* FAP */,
				B3481D6118256F1900002E0F /* FAPTests */,
			);
		};
/* End PBXProject section */

/* Begin PBXReferenceProxy section */
		BD04F6FE18410B2700646586 /* CollapsableTableView.app */ = {
			isa = PBXReferenceProxy;
			fileType = wrapper.application;
			path = CollapsableTableView.app;
			remoteRef = BD04F6FD18410B2700646586 /* PBXContainerItemProxy */;
			sourceTree = BUILT_PRODUCTS_DIR;
		};
/* End PBXReferenceProxy section */

/* Begin PBXResourcesBuildPhase section */
		B3481D3C18256F1800002E0F /* Resources */ = {
			isa = PBXResourcesBuildPhase;
			buildActionMask = 2147483647;
			files = (
				BD04F6F3183D8CAF00646586 /* gym.png in Resources */,
				BD04F6F0183D8CAF00646586 /* bus.png in Resources */,
				B3481D5818256F1900002E0F /* Main_iPad.storyboard in Resources */,
				BD04F6EF183D8CAF00646586 /* 1425465_10201800381084347_934668304_o.jpg in Resources */,
				BD04F70B1841324100646586 /* splash.png in Resources */,
				BD04F6F6183D8CAF00646586 /* iconSmall.png in Resources */,
				BD04F6F1183D8CAF00646586 /* cal.png in Resources */,
				B3481D5D18256F1900002E0F /* Images.xcassets in Resources */,
				BD04F6F2183D8CAF00646586 /* food.png in Resources */,
				B3481D5518256F1900002E0F /* Main_iPhone.storyboard in Resources */,
				BD04F6F4183D8CAF00646586 /* icon.png in Resources */,
				B3481D4C18256F1800002E0F /* InfoPlist.strings in Resources */,
				BD04F70F1841372600646586 /* splash4.png in Resources */,
				BD04F70D1841351D00646586 /* splash3.png in Resources */,
				BD04F6F8183D8CAF00646586 /* party.png in Resources */,
				BD04F6F7183D8CAF00646586 /* library.png in Resources */,
				BD04F6F5183D8CAF00646586 /* iconBig.png in Resources */,
			);
			runOnlyForDeploymentPostprocessing = 0;
		};
		B3481D6018256F1900002E0F /* Resources */ = {
			isa = PBXResourcesBuildPhase;
			buildActionMask = 2147483647;
			files = (
				B3481D6E18256F1900002E0F /* InfoPlist.strings in Resources */,
			);
			runOnlyForDeploymentPostprocessing = 0;
		};
/* End PBXResourcesBuildPhase section */

/* Begin PBXSourcesBuildPhase section */
		B3481D3A18256F1800002E0F /* Sources */ = {
			isa = PBXSourcesBuildPhase;
			buildActionMask = 2147483647;
			files = (
				BD04F70518411A0300646586 /* CollapsableTableViewViewController.m in Sources */,
				B3481D8A18257ED200002E0F /* GymHoursViewController.m in Sources */,
				B3481D5B18256F1900002E0F /* FAPViewController.m in Sources */,
				B3481D81182573AC00002E0F /* EventsViewController.m in Sources */,
				B3481D871825745000002E0F /* LibraryHoursViewController.m in Sources */,
				B3481D5218256F1900002E0F /* FAPAppDelegate.m in Sources */,
				B3481D8D18257EEE00002E0F /* BusScheduleViewController.m in Sources */,
				B3481D841825741F00002E0F /* DiningHoursViewController.m in Sources */,
				B3481D4E18256F1900002E0F /* main.m in Sources */,
				B3481D7B1825732A00002E0F /* MyScheduleViewController.m in Sources */,
			);
			runOnlyForDeploymentPostprocessing = 0;
		};
		B3481D5E18256F1900002E0F /* Sources */ = {
			isa = PBXSourcesBuildPhase;
			buildActionMask = 2147483647;
			files = (
				B3481D7018256F1900002E0F /* FAPTests.m in Sources */,
			);
			runOnlyForDeploymentPostprocessing = 0;
		};
/* End PBXSourcesBuildPhase section */

/* Begin PBXTargetDependency section */
		B3481D6818256F1900002E0F /* PBXTargetDependency */ = {
			isa = PBXTargetDependency;
			target = B3481D3D18256F1800002E0F /* FAP */;
			targetProxy = B3481D6718256F1900002E0F /* PBXContainerItemProxy */;
		};
		BD04F70018410B4700646586 /* PBXTargetDependency */ = {
			isa = PBXTargetDependency;
			name = CollapsableTableView;
			targetProxy = BD04F6FF18410B4700646586 /* PBXContainerItemProxy */;
		};
/* End PBXTargetDependency section */

/* Begin PBXVariantGroup section */
		B3481D4A18256F1800002E0F /* InfoPlist.strings */ = {
			isa = PBXVariantGroup;
			children = (
				B3481D4B18256F1800002E0F /* en */,
			);
			name = InfoPlist.strings;
			sourceTree = "<group>";
		};
		B3481D5318256F1900002E0F /* Main_iPhone.storyboard */ = {
			isa = PBXVariantGroup;
			children = (
				B3481D5418256F1900002E0F /* Base */,
			);
			name = Main_iPhone.storyboard;
			sourceTree = "<group>";
		};
		B3481D5618256F1900002E0F /* Main_iPad.storyboard */ = {
			isa = PBXVariantGroup;
			children = (
				B3481D5718256F1900002E0F /* Base */,
			);
			name = Main_iPad.storyboard;
			sourceTree = "<group>";
		};
		B3481D6C18256F1900002E0F /* InfoPlist.strings */ = {
			isa = PBXVariantGroup;
			children = (
				B3481D6D18256F1900002E0F /* en */,
			);
			name = InfoPlist.strings;
			sourceTree = "<group>";
		};
/* End PBXVariantGroup section */

/* Begin XCBuildConfiguration section */
		B3481D7118256F1900002E0F /* Debug */ = {
			isa = XCBuildConfiguration;
			buildSettings = {
				ALWAYS_SEARCH_USER_PATHS = NO;
				ARCHS = "$(ARCHS_STANDARD_INCLUDING_64_BIT)";
				CLANG_CXX_LANGUAGE_STANDARD = "gnu++0x";
				CLANG_CXX_LIBRARY = "libc++";
				CLANG_ENABLE_MODULES = YES;
				CLANG_ENABLE_OBJC_ARC = YES;
				CLANG_WARN_BOOL_CONVERSION = YES;
				CLANG_WARN_CONSTANT_CONVERSION = YES;
				CLANG_WARN_DIRECT_OBJC_ISA_USAGE = YES_ERROR;
				CLANG_WARN_EMPTY_BODY = YES;
				CLANG_WARN_ENUM_CONVERSION = YES;
				CLANG_WARN_INT_CONVERSION = YES;
				CLANG_WARN_OBJC_ROOT_CLASS = YES_ERROR;
				CLANG_WARN__DUPLICATE_METHOD_MATCH = YES;
				"CODE_SIGN_IDENTITY[sdk=iphoneos*]" = "iPhone Developer";
				COPY_PHASE_STRIP = NO;
				GCC_C_LANGUAGE_STANDARD = gnu99;
				GCC_DYNAMIC_NO_PIC = NO;
				GCC_OPTIMIZATION_LEVEL = 0;
				GCC_PREPROCESSOR_DEFINITIONS = (
					"DEBUG=1",
					"$(inherited)",
				);
				GCC_SYMBOLS_PRIVATE_EXTERN = NO;
				GCC_WARN_64_TO_32_BIT_CONVERSION = YES;
				GCC_WARN_ABOUT_RETURN_TYPE = YES_ERROR;
				GCC_WARN_UNDECLARED_SELECTOR = YES;
				GCC_WARN_UNINITIALIZED_AUTOS = YES;
				GCC_WARN_UNUSED_FUNCTION = YES;
				GCC_WARN_UNUSED_VARIABLE = YES;
				IPHONEOS_DEPLOYMENT_TARGET = 7.0;
				ONLY_ACTIVE_ARCH = YES;
				SDKROOT = iphoneos;
				TARGETED_DEVICE_FAMILY = "1,2";
			};
			name = Debug;
		};
		B3481D7218256F1900002E0F /* Release */ = {
			isa = XCBuildConfiguration;
			buildSettings = {
				ALWAYS_SEARCH_USER_PATHS = NO;
				ARCHS = "$(ARCHS_STANDARD_INCLUDING_64_BIT)";
				CLANG_CXX_LANGUAGE_STANDARD = "gnu++0x";
				CLANG_CXX_LIBRARY = "libc++";
				CLANG_ENABLE_MODULES = YES;
				CLANG_ENABLE_OBJC_ARC = YES;
				CLANG_WARN_BOOL_CONVERSION = YES;
				CLANG_WARN_CONSTANT_CONVERSION = YES;
				CLANG_WARN_DIRECT_OBJC_ISA_USAGE = YES_ERROR;
				CLANG_WARN_EMPTY_BODY = YES;
				CLANG_WARN_ENUM_CONVERSION = YES;
				CLANG_WARN_INT_CONVERSION = YES;
				CLANG_WARN_OBJC_ROOT_CLASS = YES_ERROR;
				CLANG_WARN__DUPLICATE_METHOD_MATCH = YES;
				"CODE_SIGN_IDENTITY[sdk=iphoneos*]" = "iPhone Developer";
				COPY_PHASE_STRIP = YES;
				ENABLE_NS_ASSERTIONS = NO;
				GCC_C_LANGUAGE_STANDARD = gnu99;
				GCC_WARN_64_TO_32_BIT_CONVERSION = YES;
				GCC_WARN_ABOUT_RETURN_TYPE = YES_ERROR;
				GCC_WARN_UNDECLARED_SELECTOR = YES;
				GCC_WARN_UNINITIALIZED_AUTOS = YES;
				GCC_WARN_UNUSED_FUNCTION = YES;
				GCC_WARN_UNUSED_VARIABLE = YES;
				IPHONEOS_DEPLOYMENT_TARGET = 7.0;
				SDKROOT = iphoneos;
				TARGETED_DEVICE_FAMILY = "1,2";
				VALIDATE_PRODUCT = YES;
			};
			name = Release;
		};
		B3481D7418256F1900002E0F /* Debug */ = {
			isa = XCBuildConfiguration;
			buildSettings = {
				ASSETCATALOG_COMPILER_APPICON_NAME = AppIcon;
				ASSETCATALOG_COMPILER_LAUNCHIMAGE_NAME = LaunchImage;
				CLANG_ENABLE_OBJC_ARC = NO;
				GCC_PRECOMPILE_PREFIX_HEADER = YES;
				GCC_PREFIX_HEADER = "FAP/FAP-Prefix.pch";
				INFOPLIST_FILE = "FAP/FAP-Info.plist";
				PRODUCT_NAME = "$(TARGET_NAME)";
				USER_HEADER_SEARCH_PATHS = "/Users/davidlobosco/CollapsableTableViewTestProject/**";
				WRAPPER_EXTENSION = app;
			};
			name = Debug;
		};
		B3481D7518256F1900002E0F /* Release */ = {
			isa = XCBuildConfiguration;
			buildSettings = {
				ASSETCATALOG_COMPILER_APPICON_NAME = AppIcon;
				ASSETCATALOG_COMPILER_LAUNCHIMAGE_NAME = LaunchImage;
				CLANG_ENABLE_OBJC_ARC = NO;
				GCC_PRECOMPILE_PREFIX_HEADER = YES;
				GCC_PREFIX_HEADER = "FAP/FAP-Prefix.pch";
				INFOPLIST_FILE = "FAP/FAP-Info.plist";
				PRODUCT_NAME = "$(TARGET_NAME)";
				USER_HEADER_SEARCH_PATHS = "/Users/davidlobosco/CollapsableTableViewTestProject/**";
				WRAPPER_EXTENSION = app;
			};
			name = Release;
		};
		B3481D7718256F1900002E0F /* Debug */ = {
			isa = XCBuildConfiguration;
			buildSettings = {
				ARCHS = "$(ARCHS_STANDARD_INCLUDING_64_BIT)";
				BUNDLE_LOADER = "$(BUILT_PRODUCTS_DIR)/FAP.app/FAP";
				FRAMEWORK_SEARCH_PATHS = (
					"$(SDKROOT)/Developer/Library/Frameworks",
					"$(inherited)",
					"$(DEVELOPER_FRAMEWORKS_DIR)",
				);
				GCC_PRECOMPILE_PREFIX_HEADER = YES;
				GCC_PREFIX_HEADER = "FAP/FAP-Prefix.pch";
				GCC_PREPROCESSOR_DEFINITIONS = (
					"DEBUG=1",
					"$(inherited)",
				);
				INFOPLIST_FILE = "FAPTests/FAPTests-Info.plist";
				PRODUCT_NAME = "$(TARGET_NAME)";
				TEST_HOST = "$(BUNDLE_LOADER)";
				WRAPPER_EXTENSION = xctest;
			};
			name = Debug;
		};
		B3481D7818256F1900002E0F /* Release */ = {
			isa = XCBuildConfiguration;
			buildSettings = {
				ARCHS = "$(ARCHS_STANDARD_INCLUDING_64_BIT)";
				BUNDLE_LOADER = "$(BUILT_PRODUCTS_DIR)/FAP.app/FAP";
				FRAMEWORK_SEARCH_PATHS = (
					"$(SDKROOT)/Developer/Library/Frameworks",
					"$(inherited)",
					"$(DEVELOPER_FRAMEWORKS_DIR)",
				);
				GCC_PRECOMPILE_PREFIX_HEADER = YES;
				GCC_PREFIX_HEADER = "FAP/FAP-Prefix.pch";
				INFOPLIST_FILE = "FAPTests/FAPTests-Info.plist";
				PRODUCT_NAME = "$(TARGET_NAME)";
				TEST_HOST = "$(BUNDLE_LOADER)";
				WRAPPER_EXTENSION = xctest;
			};
			name = Release;
		};
/* End XCBuildConfiguration section */

/* Begin XCConfigurationList section */
		B3481D3918256F1800002E0F /* Build configuration list for PBXProject "FAP" */ = {
			isa = XCConfigurationList;
			buildConfigurations = (
				B3481D7118256F1900002E0F /* Debug */,
				B3481D7218256F1900002E0F /* Release */,
			);
			defaultConfigurationIsVisible = 0;
			defaultConfigurationName = Release;
		};
		B3481D7318256F1900002E0F /* Build configuration list for PBXNativeTarget "FAP" */ = {
			isa = XCConfigurationList;
			buildConfigurations = (
				B3481D7418256F1900002E0F /* Debug */,
				B3481D7518256F1900002E0F /* Release */,
			);
			defaultConfigurationIsVisible = 0;
			defaultConfigurationName = Release;
		};
		B3481D7618256F1900002E0F /* Build configuration list for PBXNativeTarget "FAPTests" */ = {
			isa = XCConfigurationList;
			buildConfigurations = (
				B3481D7718256F1900002E0F /* Debug */,
				B3481D7818256F1900002E0F /* Release */,
			);
			defaultConfigurationIsVisible = 0;
			defaultConfigurationName = Release;
		};
/* End XCConfigurationList section */
	};
	rootObject = B3481D3618256F1800002E0F /* Project object */;
}
